{
  "name": "tish",
  "version": "0.0.0",
  "lockfileVersion": 3,
  "requires": true,
  "packages": {
    "": {
      "name": "tish",
      "version": "0.0.0",
      "devDependencies": {
        "lattish": "file:../lattish"
      }
    },
    "../../lattish": {
      "version": "0.1.0",
      "extraneous": true
    },
    "../lattish": {
      "version": "0.1.0",
      "dev": true
    },
    "node_modules/lattish": {
      "resolved": "../lattish",
      "link": true
    }
  }
}
