{
  "name": "@tishlang/tish-format",
  "version": "1.0.12",
  "lockfileVersion": 3,
  "requires": true,
  "packages": {
    "": {
      "name": "@tishlang/tish-format",
      "version": "1.0.12",
      "hasInstallScript": true,
      "license": "PIF",
      "bin": {
        "tish-format": "bin/tish-format"
      },
      "engines": {
        "node": ">=22"
      }
    }
  }
}
