{
  "name": "lattish-example",
  "version": "0.1.0",
  "lockfileVersion": 3,
  "requires": true,
  "packages": {
    "": {
      "name": "lattish-example",
      "version": "0.1.0",
      "dependencies": {
        "lattish": "file:../../../lattish"
      }
    },
    "../../../../lattish": {
      "version": "0.1.0",
      "extraneous": true
    },
    "../../../lattish": {
      "version": "0.1.0"
    },
    "node_modules/lattish": {
      "resolved": "../../../lattish",
      "link": true
    }
  }
}
